
Microsoft Visual Studio Solution File, Format Version 12.00
# Visual Studio Version 16
VisualStudioVersion = 16.0.31424.327
MinimumVisualStudioVersion = 10.0.40219.1
Project("{FAE04EC0-301F-11D3-BF4B-00C04F79EFBC}") = "OOPLB2", "OOPLB2\OOPLB2.csproj", "{E6454C8D-A773-4E60-8A4C-D8847FD39D0C}"
EndProject
Global
	GlobalSection(SolutionConfigurationPlatforms) = preSolution
		Debug|Any CPU = Debug|Any CPU
		Release|Any CPU = Release|Any CPU
	EndGlobalSection
	GlobalSection(ProjectConfigurationPlatforms) = postSolution
		{E6454C8D-A773-4E60-8A4C-D8847FD39D0C}.Debug|Any CPU.ActiveCfg = Debug|Any CPU
		{E6454C8D-A773-4E60-8A4C-D8847FD39D0C}.Debug|Any CPU.Build.0 = Debug|Any CPU
		{E6454C8D-A773-4E60-8A4C-D8847FD39D0C}.Release|Any CPU.ActiveCfg = Release|Any CPU
		{E6454C8D-A773-4E60-8A4C-D8847FD39D0C}.Release|Any CPU.Build.0 = Release|Any CPU
	EndGlobalSection
	GlobalSection(SolutionProperties) = preSolution
		HideSolutionNode = FALSE
	EndGlobalSection
	GlobalSection(ExtensibilityGlobals) = postSolution
		SolutionGuid = {7E19302F-A05B-4B33-9511-ED3FCF475093}
	EndGlobalSection
EndGlobal
